
Microsoft Visual Studio Solution File, Format Version 12.00
# Visual Studio Version 17
VisualStudioVersion = 17.11.35303.130
MinimumVisualStudioVersion = 10.0.40219.1
Project("{8BC9CEB8-8B4A-11D0-8D11-00A0C91BC942}") = "FirstCplusplus", "FirstCplusplus\FirstCplusplus.vcxproj", "{CE591BF2-24F4-41CB-A97D-4D09A4A3666B}"
EndProject
Global
	GlobalSection(SolutionConfigurationPlatforms) = preSolution
		Debug|x64 = Debug|x64
		Debug|x86 = Debug|x86
		Release|x64 = Release|x64
		Release|x86 = Release|x86
	EndGlobalSection
	GlobalSection(ProjectConfigurationPlatforms) = postSolution
		{CE591BF2-24F4-41CB-A97D-4D09A4A3666B}.Debug|x64.ActiveCfg = Debug|x64
		{CE591BF2-24F4-41CB-A97D-4D09A4A3666B}.Debug|x64.Build.0 = Debug|x64
		{CE591BF2-24F4-41CB-A97D-4D09A4A3666B}.Debug|x86.ActiveCfg = Debug|Win32
		{CE591BF2-24F4-41CB-A97D-4D09A4A3666B}.Debug|x86.Build.0 = Debug|Win32
		{CE591BF2-24F4-41CB-A97D-4D09A4A3666B}.Release|x64.ActiveCfg = Release|x64
		{CE591BF2-24F4-41CB-A97D-4D09A4A3666B}.Release|x64.Build.0 = Release|x64
		{CE591BF2-24F4-41CB-A97D-4D09A4A3666B}.Release|x86.ActiveCfg = Release|Win32
		{CE591BF2-24F4-41CB-A97D-4D09A4A3666B}.Release|x86.Build.0 = Release|Win32
	EndGlobalSection
	GlobalSection(SolutionProperties) = preSolution
		HideSolutionNode = FALSE
	EndGlobalSection
	GlobalSection(ExtensibilityGlobals) = postSolution
		SolutionGuid = {EC87D3B2-F269-4F14-8920-B88327EF4570}
	EndGlobalSection
EndGlobal
